
Microsoft Visual Studio Solution File, Format Version 12.00
# Visual Studio Version 17
VisualStudioVersion = 17.9.34728.123
MinimumVisualStudioVersion = 10.0.40219.1
Project("{9A19103F-16F7-4668-BE54-9A1E7A4F7556}") = "Constructors_1", "Constructors_1\Constructors_1.csproj", "{4581A11D-7B96-4A29-9706-49D48FDA12AD}"
EndProject
Project("{FAE04EC0-301F-11D3-BF4B-00C04F79EFBC}") = "Constructors_2", "Constructors_2\Constructors_2.csproj", "{53EC62E0-B4C4-4E34-90E7-821096A533AF}"
EndProject
Project("{FAE04EC0-301F-11D3-BF4B-00C04F79EFBC}") = "Methoden_1", "Methoden_1\Methoden_1.csproj", "{91DA3756-D0DF-4FFA-AD4F-67E2D34BDA14}"
EndProject
Project("{FAE04EC0-301F-11D3-BF4B-00C04F79EFBC}") = "Screen_1", "Console_1\Screen_1.csproj", "{B69A89C4-FCD2-4515-8508-171FFAD17FD9}"
EndProject
Global
	GlobalSection(SolutionConfigurationPlatforms) = preSolution
		Debug|Any CPU = Debug|Any CPU
		Release|Any CPU = Release|Any CPU
	EndGlobalSection
	GlobalSection(ProjectConfigurationPlatforms) = postSolution
		{4581A11D-7B96-4A29-9706-49D48FDA12AD}.Debug|Any CPU.ActiveCfg = Debug|Any CPU
		{4581A11D-7B96-4A29-9706-49D48FDA12AD}.Debug|Any CPU.Build.0 = Debug|Any CPU
		{4581A11D-7B96-4A29-9706-49D48FDA12AD}.Release|Any CPU.ActiveCfg = Release|Any CPU
		{4581A11D-7B96-4A29-9706-49D48FDA12AD}.Release|Any CPU.Build.0 = Release|Any CPU
		{53EC62E0-B4C4-4E34-90E7-821096A533AF}.Debug|Any CPU.ActiveCfg = Debug|Any CPU
		{53EC62E0-B4C4-4E34-90E7-821096A533AF}.Debug|Any CPU.Build.0 = Debug|Any CPU
		{53EC62E0-B4C4-4E34-90E7-821096A533AF}.Release|Any CPU.ActiveCfg = Release|Any CPU
		{53EC62E0-B4C4-4E34-90E7-821096A533AF}.Release|Any CPU.Build.0 = Release|Any CPU
		{91DA3756-D0DF-4FFA-AD4F-67E2D34BDA14}.Debug|Any CPU.ActiveCfg = Debug|Any CPU
		{91DA3756-D0DF-4FFA-AD4F-67E2D34BDA14}.Debug|Any CPU.Build.0 = Debug|Any CPU
		{91DA3756-D0DF-4FFA-AD4F-67E2D34BDA14}.Release|Any CPU.ActiveCfg = Release|Any CPU
		{91DA3756-D0DF-4FFA-AD4F-67E2D34BDA14}.Release|Any CPU.Build.0 = Release|Any CPU
		{B69A89C4-FCD2-4515-8508-171FFAD17FD9}.Debug|Any CPU.ActiveCfg = Debug|Any CPU
		{B69A89C4-FCD2-4515-8508-171FFAD17FD9}.Debug|Any CPU.Build.0 = Debug|Any CPU
		{B69A89C4-FCD2-4515-8508-171FFAD17FD9}.Release|Any CPU.ActiveCfg = Release|Any CPU
		{B69A89C4-FCD2-4515-8508-171FFAD17FD9}.Release|Any CPU.Build.0 = Release|Any CPU
	EndGlobalSection
	GlobalSection(SolutionProperties) = preSolution
		HideSolutionNode = FALSE
	EndGlobalSection
	GlobalSection(ExtensibilityGlobals) = postSolution
		SolutionGuid = {4782B00A-11CD-4308-A431-E23C6904AB20}
	EndGlobalSection
EndGlobal
