
Microsoft Visual Studio Solution File, Format Version 12.00
# Visual Studio Version 17
VisualStudioVersion = 17.9.34728.123
MinimumVisualStudioVersion = 10.0.40219.1
Project("{9A19103F-16F7-4668-BE54-9A1E7A4F7556}") = "Constructors_1", "Constructors_1\Constructors_1.csproj", "{4581A11D-7B96-4A29-9706-49D48FDA12AD}"
EndProject
Project("{9A19103F-16F7-4668-BE54-9A1E7A4F7556}") = "Constructors_2", "Constructors_2\Constructors_2.csproj", "{53EC62E0-B4C4-4E34-90E7-821096A533AF}"
EndProject
Project("{9A19103F-16F7-4668-BE54-9A1E7A4F7556}") = "Methoden_1", "Methoden_1\Methoden_1.csproj", "{91DA3756-D0DF-4FFA-AD4F-67E2D34BDA14}"
EndProject
Project("{9A19103F-16F7-4668-BE54-9A1E7A4F7556}") = "Screen_1", "Console_1\Screen_1.csproj", "{B69A89C4-FCD2-4515-8508-171FFAD17FD9}"
EndProject
Project("{9A19103F-16F7-4668-BE54-9A1E7A4F7556}") = "Screen_2", "Screen_2\Screen_2.csproj", "{233AEE56-6F14-4F50-B460-F6F8B7C3661C}"
EndProject
Project("{9A19103F-16F7-4668-BE54-9A1E7A4F7556}") = "Prim", "Prim\Prim.csproj", "{543F903C-BE1D-460B-B22D-33A9EA9A9A05}"
EndProject
Project("{FAE04EC0-301F-11D3-BF4B-00C04F79EFBC}") = "ChessBoard", "ChessBoard\ChessBoard.csproj", "{2E0AD71C-DCDF-47E2-A87C-4EBBB855EFD0}"
EndProject
Project("{FAE04EC0-301F-11D3-BF4B-00C04F79EFBC}") = "ANSI_Seq", "ANSI_Seq\ANSI_Seq.csproj", "{BF6EBAE0-FBF3-4C6E-A8E5-DDED419AA9B0}"
EndProject
Project("{9A19103F-16F7-4668-BE54-9A1E7A4F7556}") = "Screen_3", "Screen_3\Screen_3.csproj", "{7B79B25D-84CD-47DC-9199-C6A30B0B0B1D}"
EndProject
Global
	GlobalSection(SolutionConfigurationPlatforms) = preSolution
		Debug|Any CPU = Debug|Any CPU
		Release|Any CPU = Release|Any CPU
	EndGlobalSection
	GlobalSection(ProjectConfigurationPlatforms) = postSolution
		{4581A11D-7B96-4A29-9706-49D48FDA12AD}.Debug|Any CPU.ActiveCfg = Debug|Any CPU
		{4581A11D-7B96-4A29-9706-49D48FDA12AD}.Debug|Any CPU.Build.0 = Debug|Any CPU
		{4581A11D-7B96-4A29-9706-49D48FDA12AD}.Release|Any CPU.ActiveCfg = Release|Any CPU
		{4581A11D-7B96-4A29-9706-49D48FDA12AD}.Release|Any CPU.Build.0 = Release|Any CPU
		{53EC62E0-B4C4-4E34-90E7-821096A533AF}.Debug|Any CPU.ActiveCfg = Debug|Any CPU
		{53EC62E0-B4C4-4E34-90E7-821096A533AF}.Debug|Any CPU.Build.0 = Debug|Any CPU
		{53EC62E0-B4C4-4E34-90E7-821096A533AF}.Release|Any CPU.ActiveCfg = Release|Any CPU
		{53EC62E0-B4C4-4E34-90E7-821096A533AF}.Release|Any CPU.Build.0 = Release|Any CPU
		{91DA3756-D0DF-4FFA-AD4F-67E2D34BDA14}.Debug|Any CPU.ActiveCfg = Debug|Any CPU
		{91DA3756-D0DF-4FFA-AD4F-67E2D34BDA14}.Debug|Any CPU.Build.0 = Debug|Any CPU
		{91DA3756-D0DF-4FFA-AD4F-67E2D34BDA14}.Release|Any CPU.ActiveCfg = Release|Any CPU
		{91DA3756-D0DF-4FFA-AD4F-67E2D34BDA14}.Release|Any CPU.Build.0 = Release|Any CPU
		{B69A89C4-FCD2-4515-8508-171FFAD17FD9}.Debug|Any CPU.ActiveCfg = Debug|Any CPU
		{B69A89C4-FCD2-4515-8508-171FFAD17FD9}.Debug|Any CPU.Build.0 = Debug|Any CPU
		{B69A89C4-FCD2-4515-8508-171FFAD17FD9}.Release|Any CPU.ActiveCfg = Release|Any CPU
		{B69A89C4-FCD2-4515-8508-171FFAD17FD9}.Release|Any CPU.Build.0 = Release|Any CPU
		{233AEE56-6F14-4F50-B460-F6F8B7C3661C}.Debug|Any CPU.ActiveCfg = Debug|Any CPU
		{233AEE56-6F14-4F50-B460-F6F8B7C3661C}.Debug|Any CPU.Build.0 = Debug|Any CPU
		{233AEE56-6F14-4F50-B460-F6F8B7C3661C}.Release|Any CPU.ActiveCfg = Release|Any CPU
		{233AEE56-6F14-4F50-B460-F6F8B7C3661C}.Release|Any CPU.Build.0 = Release|Any CPU
		{543F903C-BE1D-460B-B22D-33A9EA9A9A05}.Debug|Any CPU.ActiveCfg = Debug|Any CPU
		{543F903C-BE1D-460B-B22D-33A9EA9A9A05}.Debug|Any CPU.Build.0 = Debug|Any CPU
		{543F903C-BE1D-460B-B22D-33A9EA9A9A05}.Release|Any CPU.ActiveCfg = Release|Any CPU
		{543F903C-BE1D-460B-B22D-33A9EA9A9A05}.Release|Any CPU.Build.0 = Release|Any CPU
		{2E0AD71C-DCDF-47E2-A87C-4EBBB855EFD0}.Debug|Any CPU.ActiveCfg = Debug|Any CPU
		{2E0AD71C-DCDF-47E2-A87C-4EBBB855EFD0}.Debug|Any CPU.Build.0 = Debug|Any CPU
		{2E0AD71C-DCDF-47E2-A87C-4EBBB855EFD0}.Release|Any CPU.ActiveCfg = Release|Any CPU
		{2E0AD71C-DCDF-47E2-A87C-4EBBB855EFD0}.Release|Any CPU.Build.0 = Release|Any CPU
		{BF6EBAE0-FBF3-4C6E-A8E5-DDED419AA9B0}.Debug|Any CPU.ActiveCfg = Debug|Any CPU
		{BF6EBAE0-FBF3-4C6E-A8E5-DDED419AA9B0}.Debug|Any CPU.Build.0 = Debug|Any CPU
		{BF6EBAE0-FBF3-4C6E-A8E5-DDED419AA9B0}.Release|Any CPU.ActiveCfg = Release|Any CPU
		{BF6EBAE0-FBF3-4C6E-A8E5-DDED419AA9B0}.Release|Any CPU.Build.0 = Release|Any CPU
		{7B79B25D-84CD-47DC-9199-C6A30B0B0B1D}.Debug|Any CPU.ActiveCfg = Debug|Any CPU
		{7B79B25D-84CD-47DC-9199-C6A30B0B0B1D}.Debug|Any CPU.Build.0 = Debug|Any CPU
		{7B79B25D-84CD-47DC-9199-C6A30B0B0B1D}.Release|Any CPU.ActiveCfg = Release|Any CPU
		{7B79B25D-84CD-47DC-9199-C6A30B0B0B1D}.Release|Any CPU.Build.0 = Release|Any CPU
	EndGlobalSection
	GlobalSection(SolutionProperties) = preSolution
		HideSolutionNode = FALSE
	EndGlobalSection
	GlobalSection(ExtensibilityGlobals) = postSolution
		SolutionGuid = {4782B00A-11CD-4308-A431-E23C6904AB20}
	EndGlobalSection
EndGlobal
